
Microsoft Visual Studio Solution File, Format Version 12.00
# Visual Studio Express 2012 for Web
Project("{2150E333-8FDC-42A3-9474-1A3956D46DE8}") = "WebUI", "WebUI", "{3D01CD70-709A-4258-BB07-ECAFE8BA0717}"
EndProject
Project("{2150E333-8FDC-42A3-9474-1A3956D46DE8}") = "Data", "Data", "{7570B1A2-FFE0-48C4-9D5A-AB7A6BFD9A9C}"
EndProject
Project("{2150E333-8FDC-42A3-9474-1A3956D46DE8}") = "Business", "Business", "{309F02D6-3016-410F-BC88-B547BF0A5812}"
EndProject
Project("{2150E333-8FDC-42A3-9474-1A3956D46DE8}") = "Test", "Test", "{82BC8048-AEDC-474E-8611-4B33DA6E0AA6}"
EndProject
Project("{FAE04EC0-301F-11D3-BF4B-00C04F79EFBC}") = "HomeSecurity.Domain", "HomeSecurity.Domain\HomeSecurity.Domain.csproj", "{2FB40B2A-235E-4345-936C-1F9C1C25F1D5}"
EndProject
Project("{FAE04EC0-301F-11D3-BF4B-00C04F79EFBC}") = "HomeSecurity.Data", "HomeSecurity.Data\HomeSecurity.Data.csproj", "{82F24ACF-8333-42D7-B036-01A58C417F09}"
EndProject
Project("{FAE04EC0-301F-11D3-BF4B-00C04F79EFBC}") = "HomeSecurity.Internet", "HomeSecurity.Internet\HomeSecurity.Internet.csproj", "{9C152EC3-F9F4-43FE-B66D-26B251B12224}"
EndProject
Project("{FAE04EC0-301F-11D3-BF4B-00C04F79EFBC}") = "HomeSecurity.Internet.Test", "HomeSecurity.Internet.Test\HomeSecurity.Internet.Test.csproj", "{C7B7F3DF-9553-457A-8D08-3D4A28862E5B}"
EndProject
Project("{2150E333-8FDC-42A3-9474-1A3956D46DE8}") = "Solution Items", "Solution Items", "{81D5F9B6-5584-4D65-85F7-B883DC024A73}"
	ProjectSection(SolutionItems) = preProject
		HomeSecurity.vsmdi = HomeSecurity.vsmdi
		Local.testsettings = Local.testsettings
		TraceAndTestImpact.testsettings = TraceAndTestImpact.testsettings
	EndProjectSection
EndProject
Global
	GlobalSection(TestCaseManagementSettings) = postSolution
		CategoryFile = HomeSecurity.vsmdi
	EndGlobalSection
	GlobalSection(SolutionConfigurationPlatforms) = preSolution
		Debug|Any CPU = Debug|Any CPU
		Release|Any CPU = Release|Any CPU
	EndGlobalSection
	GlobalSection(ProjectConfigurationPlatforms) = postSolution
		{2FB40B2A-235E-4345-936C-1F9C1C25F1D5}.Debug|Any CPU.ActiveCfg = Debug|Any CPU
		{2FB40B2A-235E-4345-936C-1F9C1C25F1D5}.Debug|Any CPU.Build.0 = Debug|Any CPU
		{2FB40B2A-235E-4345-936C-1F9C1C25F1D5}.Release|Any CPU.ActiveCfg = Release|Any CPU
		{2FB40B2A-235E-4345-936C-1F9C1C25F1D5}.Release|Any CPU.Build.0 = Release|Any CPU
		{82F24ACF-8333-42D7-B036-01A58C417F09}.Debug|Any CPU.ActiveCfg = Debug|Any CPU
		{82F24ACF-8333-42D7-B036-01A58C417F09}.Debug|Any CPU.Build.0 = Debug|Any CPU
		{82F24ACF-8333-42D7-B036-01A58C417F09}.Release|Any CPU.ActiveCfg = Release|Any CPU
		{82F24ACF-8333-42D7-B036-01A58C417F09}.Release|Any CPU.Build.0 = Release|Any CPU
		{9C152EC3-F9F4-43FE-B66D-26B251B12224}.Debug|Any CPU.ActiveCfg = Debug|Any CPU
		{9C152EC3-F9F4-43FE-B66D-26B251B12224}.Debug|Any CPU.Build.0 = Debug|Any CPU
		{9C152EC3-F9F4-43FE-B66D-26B251B12224}.Release|Any CPU.ActiveCfg = Release|Any CPU
		{9C152EC3-F9F4-43FE-B66D-26B251B12224}.Release|Any CPU.Build.0 = Release|Any CPU
		{C7B7F3DF-9553-457A-8D08-3D4A28862E5B}.Debug|Any CPU.ActiveCfg = Debug|Any CPU
		{C7B7F3DF-9553-457A-8D08-3D4A28862E5B}.Debug|Any CPU.Build.0 = Debug|Any CPU
		{C7B7F3DF-9553-457A-8D08-3D4A28862E5B}.Release|Any CPU.ActiveCfg = Release|Any CPU
		{C7B7F3DF-9553-457A-8D08-3D4A28862E5B}.Release|Any CPU.Build.0 = Release|Any CPU
	EndGlobalSection
	GlobalSection(SolutionProperties) = preSolution
		HideSolutionNode = FALSE
	EndGlobalSection
	GlobalSection(NestedProjects) = preSolution
		{2FB40B2A-235E-4345-936C-1F9C1C25F1D5} = {3D01CD70-709A-4258-BB07-ECAFE8BA0717}
		{9C152EC3-F9F4-43FE-B66D-26B251B12224} = {3D01CD70-709A-4258-BB07-ECAFE8BA0717}
		{82F24ACF-8333-42D7-B036-01A58C417F09} = {7570B1A2-FFE0-48C4-9D5A-AB7A6BFD9A9C}
		{C7B7F3DF-9553-457A-8D08-3D4A28862E5B} = {82BC8048-AEDC-474E-8611-4B33DA6E0AA6}
		{81D5F9B6-5584-4D65-85F7-B883DC024A73} = {82BC8048-AEDC-474E-8611-4B33DA6E0AA6}
	EndGlobalSection
EndGlobal
